
Microsoft Visual Studio Solution File, Format Version 12.00
# Visual Studio Version 17
VisualStudioVersion = 17.0.32014.148
MinimumVisualStudioVersion = 10.0.40219.1
Project("{FAE04EC0-301F-11D3-BF4B-00C04F79EFBC}") = "Day8_TreetopTreeHouse", "Day8_TreetopTreeHouse.csproj", "{194351F6-3764-471B-9522-4E1ADC368B51}"
EndProject
Global
	GlobalSection(SolutionConfigurationPlatforms) = preSolution
		Debug|Any CPU = Debug|Any CPU
		Release|Any CPU = Release|Any CPU
	EndGlobalSection
	GlobalSection(ProjectConfigurationPlatforms) = postSolution
		{194351F6-3764-471B-9522-4E1ADC368B51}.Debug|Any CPU.ActiveCfg = Debug|Any CPU
		{194351F6-3764-471B-9522-4E1ADC368B51}.Debug|Any CPU.Build.0 = Debug|Any CPU
		{194351F6-3764-471B-9522-4E1ADC368B51}.Release|Any CPU.ActiveCfg = Release|Any CPU
		{194351F6-3764-471B-9522-4E1ADC368B51}.Release|Any CPU.Build.0 = Release|Any CPU
	EndGlobalSection
	GlobalSection(SolutionProperties) = preSolution
		HideSolutionNode = FALSE
	EndGlobalSection
	GlobalSection(ExtensibilityGlobals) = postSolution
		SolutionGuid = {743D212A-678C-409A-83CD-6854F297F062}
	EndGlobalSection
EndGlobal
