
Microsoft Visual Studio Solution File, Format Version 12.00
# Visual Studio Version 17
VisualStudioVersion = 17.0.32014.148
MinimumVisualStudioVersion = 10.0.40219.1
Project("{FAE04EC0-301F-11D3-BF4B-00C04F79EFBC}") = "Day19_NotEnoughMinerals", "Day19_NotEnoughMinerals.csproj", "{29400EB4-1D70-4764-AA8B-B89DE35B9433}"
EndProject
Global
	GlobalSection(SolutionConfigurationPlatforms) = preSolution
		Debug|Any CPU = Debug|Any CPU
		Release|Any CPU = Release|Any CPU
	EndGlobalSection
	GlobalSection(ProjectConfigurationPlatforms) = postSolution
		{29400EB4-1D70-4764-AA8B-B89DE35B9433}.Debug|Any CPU.ActiveCfg = Debug|Any CPU
		{29400EB4-1D70-4764-AA8B-B89DE35B9433}.Debug|Any CPU.Build.0 = Debug|Any CPU
		{29400EB4-1D70-4764-AA8B-B89DE35B9433}.Release|Any CPU.ActiveCfg = Release|Any CPU
		{29400EB4-1D70-4764-AA8B-B89DE35B9433}.Release|Any CPU.Build.0 = Release|Any CPU
	EndGlobalSection
	GlobalSection(SolutionProperties) = preSolution
		HideSolutionNode = FALSE
	EndGlobalSection
	GlobalSection(ExtensibilityGlobals) = postSolution
		SolutionGuid = {A9F582D3-7F73-47A7-A649-D908DF610107}
	EndGlobalSection
EndGlobal
