
Microsoft Visual Studio Solution File, Format Version 12.00
# Visual Studio Version 17
VisualStudioVersion = 17.0.32014.148
MinimumVisualStudioVersion = 10.0.40219.1
Project("{FAE04EC0-301F-11D3-BF4B-00C04F79EFBC}") = "Day20_GrovePositioningSystem", "Day20_GrovePositioningSystem.csproj", "{4907DCD0-077F-4B95-8938-1BD0F09F4702}"
EndProject
Global
	GlobalSection(SolutionConfigurationPlatforms) = preSolution
		Debug|Any CPU = Debug|Any CPU
		Release|Any CPU = Release|Any CPU
	EndGlobalSection
	GlobalSection(ProjectConfigurationPlatforms) = postSolution
		{4907DCD0-077F-4B95-8938-1BD0F09F4702}.Debug|Any CPU.ActiveCfg = Debug|Any CPU
		{4907DCD0-077F-4B95-8938-1BD0F09F4702}.Debug|Any CPU.Build.0 = Debug|Any CPU
		{4907DCD0-077F-4B95-8938-1BD0F09F4702}.Release|Any CPU.ActiveCfg = Release|Any CPU
		{4907DCD0-077F-4B95-8938-1BD0F09F4702}.Release|Any CPU.Build.0 = Release|Any CPU
	EndGlobalSection
	GlobalSection(SolutionProperties) = preSolution
		HideSolutionNode = FALSE
	EndGlobalSection
	GlobalSection(ExtensibilityGlobals) = postSolution
		SolutionGuid = {80559A56-B64E-4CF4-B5A4-5582DDB875BC}
	EndGlobalSection
EndGlobal
