
Microsoft Visual Studio Solution File, Format Version 12.00
# Visual Studio Version 17
VisualStudioVersion = 17.0.32014.148
MinimumVisualStudioVersion = 10.0.40219.1
Project("{FAE04EC0-301F-11D3-BF4B-00C04F79EFBC}") = "Day22_MonkeyMap", "Day22_MonkeyMap.csproj", "{793820C0-E072-4AA0-A504-C53F2E565DA8}"
EndProject
Global
	GlobalSection(SolutionConfigurationPlatforms) = preSolution
		Debug|Any CPU = Debug|Any CPU
		Release|Any CPU = Release|Any CPU
	EndGlobalSection
	GlobalSection(ProjectConfigurationPlatforms) = postSolution
		{793820C0-E072-4AA0-A504-C53F2E565DA8}.Debug|Any CPU.ActiveCfg = Debug|Any CPU
		{793820C0-E072-4AA0-A504-C53F2E565DA8}.Debug|Any CPU.Build.0 = Debug|Any CPU
		{793820C0-E072-4AA0-A504-C53F2E565DA8}.Release|Any CPU.ActiveCfg = Release|Any CPU
		{793820C0-E072-4AA0-A504-C53F2E565DA8}.Release|Any CPU.Build.0 = Release|Any CPU
	EndGlobalSection
	GlobalSection(SolutionProperties) = preSolution
		HideSolutionNode = FALSE
	EndGlobalSection
	GlobalSection(ExtensibilityGlobals) = postSolution
		SolutionGuid = {0013CB5E-9F3A-4380-ADE0-6E568AD153AE}
	EndGlobalSection
EndGlobal
