
Microsoft Visual Studio Solution File, Format Version 12.00
# Visual Studio Version 17
VisualStudioVersion = 17.0.32014.148
MinimumVisualStudioVersion = 10.0.40219.1
Project("{FAE04EC0-301F-11D3-BF4B-00C04F79EFBC}") = "Day13_DistressSignal", "Day13_DistressSignal.csproj", "{07A20072-9FC2-46BE-A979-25BD72311B08}"
EndProject
Global
	GlobalSection(SolutionConfigurationPlatforms) = preSolution
		Debug|Any CPU = Debug|Any CPU
		Release|Any CPU = Release|Any CPU
	EndGlobalSection
	GlobalSection(ProjectConfigurationPlatforms) = postSolution
		{07A20072-9FC2-46BE-A979-25BD72311B08}.Debug|Any CPU.ActiveCfg = Debug|Any CPU
		{07A20072-9FC2-46BE-A979-25BD72311B08}.Debug|Any CPU.Build.0 = Debug|Any CPU
		{07A20072-9FC2-46BE-A979-25BD72311B08}.Release|Any CPU.ActiveCfg = Release|Any CPU
		{07A20072-9FC2-46BE-A979-25BD72311B08}.Release|Any CPU.Build.0 = Release|Any CPU
	EndGlobalSection
	GlobalSection(SolutionProperties) = preSolution
		HideSolutionNode = FALSE
	EndGlobalSection
	GlobalSection(ExtensibilityGlobals) = postSolution
		SolutionGuid = {EC6E489A-E567-4435-AB6E-9DD91DBD74D2}
	EndGlobalSection
EndGlobal
