
Microsoft Visual Studio Solution File, Format Version 12.00
# Visual Studio Version 17
VisualStudioVersion = 17.0.32014.148
MinimumVisualStudioVersion = 10.0.40219.1
Project("{FAE04EC0-301F-11D3-BF4B-00C04F79EFBC}") = "Day6_TuningTrouble", "Day6_TuningTrouble.csproj", "{DD172C33-64B8-41E5-9724-B8BE58CC2B8B}"
EndProject
Global
	GlobalSection(SolutionConfigurationPlatforms) = preSolution
		Debug|Any CPU = Debug|Any CPU
		Release|Any CPU = Release|Any CPU
	EndGlobalSection
	GlobalSection(ProjectConfigurationPlatforms) = postSolution
		{DD172C33-64B8-41E5-9724-B8BE58CC2B8B}.Debug|Any CPU.ActiveCfg = Debug|Any CPU
		{DD172C33-64B8-41E5-9724-B8BE58CC2B8B}.Debug|Any CPU.Build.0 = Debug|Any CPU
		{DD172C33-64B8-41E5-9724-B8BE58CC2B8B}.Release|Any CPU.ActiveCfg = Release|Any CPU
		{DD172C33-64B8-41E5-9724-B8BE58CC2B8B}.Release|Any CPU.Build.0 = Release|Any CPU
	EndGlobalSection
	GlobalSection(SolutionProperties) = preSolution
		HideSolutionNode = FALSE
	EndGlobalSection
	GlobalSection(ExtensibilityGlobals) = postSolution
		SolutionGuid = {21B8EDDC-9EF8-419B-9C3E-380A0983CAAD}
	EndGlobalSection
EndGlobal
